
Microsoft Visual Studio Solution File, Format Version 10.00
# Visual Studio 2008
Project("{FAE04EC0-301F-11D3-BF4B-00C04F79EFBC}") = "PeerCast", "PeerCast\PeerCast.csproj", "{2CFCC295-09ED-4E3D-87D6-46AE3357203F}"
EndProject
Project("{FAE04EC0-301F-11D3-BF4B-00C04F79EFBC}") = "C4F_P2PCommon", "P2PLib\C4F_P2PCommon.csproj", "{644F7268-EB33-4849-A975-D3476DE916EB}"
EndProject
Global
	GlobalSection(SolutionConfigurationPlatforms) = preSolution
		Debug|Any CPU = Debug|Any CPU
		Release|Any CPU = Release|Any CPU
	EndGlobalSection
	GlobalSection(ProjectConfigurationPlatforms) = postSolution
		{2CFCC295-09ED-4E3D-87D6-46AE3357203F}.Debug|Any CPU.ActiveCfg = Debug|Any CPU
		{2CFCC295-09ED-4E3D-87D6-46AE3357203F}.Debug|Any CPU.Build.0 = Debug|Any CPU
		{2CFCC295-09ED-4E3D-87D6-46AE3357203F}.Release|Any CPU.ActiveCfg = Release|Any CPU
		{2CFCC295-09ED-4E3D-87D6-46AE3357203F}.Release|Any CPU.Build.0 = Release|Any CPU
		{644F7268-EB33-4849-A975-D3476DE916EB}.Debug|Any CPU.ActiveCfg = Debug|Any CPU
		{644F7268-EB33-4849-A975-D3476DE916EB}.Debug|Any CPU.Build.0 = Debug|Any CPU
		{644F7268-EB33-4849-A975-D3476DE916EB}.Release|Any CPU.ActiveCfg = Release|Any CPU
		{644F7268-EB33-4849-A975-D3476DE916EB}.Release|Any CPU.Build.0 = Release|Any CPU
	EndGlobalSection
	GlobalSection(SolutionProperties) = preSolution
		HideSolutionNode = FALSE
	EndGlobalSection
EndGlobal
